Microsoft Visual Studio Solution File, Format Version 12.00
# Visual Studio Version 17
VisualStudioVersion = 17.5.2.0
MinimumVisualStudioVersion = 10.0.40219.1
Project("{2150E333-8FDC-42A3-9474-1A3956D46DE8}") = "RhinoBIM_Client", "RhinoBIM_Client", "{C5AC203F-B887-185F-BCB4-BE3EE2CCD1C9}"
EndProject
Project("{2150E333-8FDC-42A3-9474-1A3956D46DE8}") = "export", "export", "{EB0DFE89-B9EB-2AE4-8BBB-F7AB6E77ADE4}"
EndProject
Project("{FAE04EC0-301F-11D3-BF4B-00C04F79EFBC}") = "RhinoBIM", "RhinoBIM_Client\RhinoBIM.csproj", "{28D698A9-9656-2938-C21C-D8C612D1672F}"
EndProject
Project("{2150E333-8FDC-42A3-9474-1A3956D46DE8}") = "code", "code", "{997BCB49-3CFA-95EA-388A-8D278C88C529}"
EndProject
Project("{2150E333-8FDC-42A3-9474-1A3956D46DE8}") = "RhinoBIM_Client", "RhinoBIM_Client", "{E48B9075-99DE-C2B9-357C-3668443DD309}"
EndProject
Project("{FAE04EC0-301F-11D3-BF4B-00C04F79EFBC}") = "RhinoBIM", "export\code\RhinoBIM_Client\RhinoBIM.csproj", "{62AE786E-B5E4-CC10-21CA-C416ED530003}"
EndProject
Global
	GlobalSection(SolutionConfigurationPlatforms) = preSolution
		Debug|Any CPU = Debug|Any CPU
		Release|Any CPU = Release|Any CPU
	EndGlobalSection
	GlobalSection(ProjectConfigurationPlatforms) = postSolution
		{28D698A9-9656-2938-C21C-D8C612D1672F}.Debug|Any CPU.ActiveCfg = Debug|Any CPU
		{28D698A9-9656-2938-C21C-D8C612D1672F}.Debug|Any CPU.Build.0 = Debug|Any CPU
		{28D698A9-9656-2938-C21C-D8C612D1672F}.Release|Any CPU.ActiveCfg = Release|Any CPU
		{28D698A9-9656-2938-C21C-D8C612D1672F}.Release|Any CPU.Build.0 = Release|Any CPU
		{62AE786E-B5E4-CC10-21CA-C416ED530003}.Debug|Any CPU.ActiveCfg = Debug|Any CPU
		{62AE786E-B5E4-CC10-21CA-C416ED530003}.Debug|Any CPU.Build.0 = Debug|Any CPU
		{62AE786E-B5E4-CC10-21CA-C416ED530003}.Release|Any CPU.ActiveCfg = Release|Any CPU
		{62AE786E-B5E4-CC10-21CA-C416ED530003}.Release|Any CPU.Build.0 = Release|Any CPU
	EndGlobalSection
	GlobalSection(SolutionProperties) = preSolution
		HideSolutionNode = FALSE
	EndGlobalSection
	GlobalSection(NestedProjects) = preSolution
		{28D698A9-9656-2938-C21C-D8C612D1672F} = {C5AC203F-B887-185F-BCB4-BE3EE2CCD1C9}
		{997BCB49-3CFA-95EA-388A-8D278C88C529} = {EB0DFE89-B9EB-2AE4-8BBB-F7AB6E77ADE4}
		{E48B9075-99DE-C2B9-357C-3668443DD309} = {997BCB49-3CFA-95EA-388A-8D278C88C529}
		{62AE786E-B5E4-CC10-21CA-C416ED530003} = {E48B9075-99DE-C2B9-357C-3668443DD309}
	EndGlobalSection
	GlobalSection(ExtensibilityGlobals) = postSolution
		SolutionGuid = {8DEFF5F1-2A45-44B8-BC81-1DFF64662D49}
	EndGlobalSection
EndGlobal
